
Microsoft Visual Studio Solution File, Format Version 12.00
# Visual Studio 14
VisualStudioVersion = 14.0.24720.0
MinimumVisualStudioVersion = 10.0.40219.1
Project("{FAE04EC0-301F-11D3-BF4B-00C04F79EFBC}") = "01.consecutiveEqualStrings", "SimpleArraysProcessing2\01.consecutiveEqualStrings.csproj", "{56FE7AAF-753E-42AF-9C0F-8E32825DE954}"
EndProject
Project("{FAE04EC0-301F-11D3-BF4B-00C04F79EFBC}") = "02.elementsEqualToIndex", "02.elementsEqualToIndex\02.elementsEqualToIndex.csproj", "{FB0709AF-1916-462F-985D-9650F3586793}"
EndProject
Project("{FAE04EC0-301F-11D3-BF4B-00C04F79EFBC}") = "03.phonebook", "03.phonebook\03.phonebook.csproj", "{6891CD77-08EF-46DC-B4A8-14966E2872A4}"
EndProject
Project("{FAE04EC0-301F-11D3-BF4B-00C04F79EFBC}") = "05.charRotation", "05.charRotation\05.charRotation.csproj", "{515BDBA1-2FE1-46B7-B09F-425DE39F3453}"
EndProject
Global
	GlobalSection(SolutionConfigurationPlatforms) = preSolution
		Debug|Any CPU = Debug|Any CPU
		Release|Any CPU = Release|Any CPU
	EndGlobalSection
	GlobalSection(ProjectConfigurationPlatforms) = postSolution
		{56FE7AAF-753E-42AF-9C0F-8E32825DE954}.Debug|Any CPU.ActiveCfg = Debug|Any CPU
		{56FE7AAF-753E-42AF-9C0F-8E32825DE954}.Debug|Any CPU.Build.0 = Debug|Any CPU
		{56FE7AAF-753E-42AF-9C0F-8E32825DE954}.Release|Any CPU.ActiveCfg = Release|Any CPU
		{56FE7AAF-753E-42AF-9C0F-8E32825DE954}.Release|Any CPU.Build.0 = Release|Any CPU
		{FB0709AF-1916-462F-985D-9650F3586793}.Debug|Any CPU.ActiveCfg = Debug|Any CPU
		{FB0709AF-1916-462F-985D-9650F3586793}.Debug|Any CPU.Build.0 = Debug|Any CPU
		{FB0709AF-1916-462F-985D-9650F3586793}.Release|Any CPU.ActiveCfg = Release|Any CPU
		{FB0709AF-1916-462F-985D-9650F3586793}.Release|Any CPU.Build.0 = Release|Any CPU
		{6891CD77-08EF-46DC-B4A8-14966E2872A4}.Debug|Any CPU.ActiveCfg = Debug|Any CPU
		{6891CD77-08EF-46DC-B4A8-14966E2872A4}.Debug|Any CPU.Build.0 = Debug|Any CPU
		{6891CD77-08EF-46DC-B4A8-14966E2872A4}.Release|Any CPU.ActiveCfg = Release|Any CPU
		{6891CD77-08EF-46DC-B4A8-14966E2872A4}.Release|Any CPU.Build.0 = Release|Any CPU
		{515BDBA1-2FE1-46B7-B09F-425DE39F3453}.Debug|Any CPU.ActiveCfg = Debug|Any CPU
		{515BDBA1-2FE1-46B7-B09F-425DE39F3453}.Debug|Any CPU.Build.0 = Debug|Any CPU
		{515BDBA1-2FE1-46B7-B09F-425DE39F3453}.Release|Any CPU.ActiveCfg = Release|Any CPU
		{515BDBA1-2FE1-46B7-B09F-425DE39F3453}.Release|Any CPU.Build.0 = Release|Any CPU
	EndGlobalSection
	GlobalSection(SolutionProperties) = preSolution
		HideSolutionNode = FALSE
	EndGlobalSection
EndGlobal
